
Microsoft Visual Studio Solution File, Format Version 12.00
# Visual Studio Version 17
VisualStudioVersion = 17.4.33213.308
MinimumVisualStudioVersion = 10.0.40219.1
Project("{2150E333-8FDC-42A3-9474-1A3956D46DE8}") = "Creational", "Creational", "{96180560-48C7-44E2-B94A-9E7FE5C98FBA}"
EndProject
Project("{9A19103F-16F7-4668-BE54-9A1E7A4F7556}") = "AbstractFactoryPattern", "Creational\AbstractFactoryPattern\AbstractFactoryPattern.csproj", "{6D989CDD-045E-4B8C-827A-DD7172DD8B2A}"
EndProject
Project("{FAE04EC0-301F-11D3-BF4B-00C04F79EFBC}") = "FactoryMethodPattern", "Creational\FactoryMethodPattern\FactoryMethodPattern.csproj", "{8850988E-9F4B-4056-B97B-0A3E35DAF658}"
EndProject
Project("{FAE04EC0-301F-11D3-BF4B-00C04F79EFBC}") = "BuilderPattern", "Creational\BuilderPattern\BuilderPattern.csproj", "{5359FB92-3182-4FF2-852B-FAA198D93911}"
EndProject
Project("{FAE04EC0-301F-11D3-BF4B-00C04F79EFBC}") = "PrototypePattern", "Creational\PrototypePattern\PrototypePattern.csproj", "{C2117BF7-E5D0-4523-B235-E1039984A559}"
EndProject
Project("{FAE04EC0-301F-11D3-BF4B-00C04F79EFBC}") = "SingletonPattern", "Creational\SingletonPattern\SingletonPattern.csproj", "{23CE508B-AF47-42CD-B5EF-00EC540E0551}"
EndProject
Project("{2150E333-8FDC-42A3-9474-1A3956D46DE8}") = "Structural", "Structural", "{64F6FB70-51A3-41DB-8906-5B9CFD7692C2}"
EndProject
Project("{2150E333-8FDC-42A3-9474-1A3956D46DE8}") = "Behavioral", "Behavioral", "{2AD40F99-9E79-4F51-9256-72D10CE0790A}"
EndProject
Project("{FAE04EC0-301F-11D3-BF4B-00C04F79EFBC}") = "AdapterPattern", "Structural\AdapterPattern\AdapterPattern.csproj", "{67081967-5226-440D-8331-09D7FE04B7D2}"
EndProject
Project("{FAE04EC0-301F-11D3-BF4B-00C04F79EFBC}") = "BridgePattern", "Structural\BridgePattern\BridgePattern.csproj", "{8BFFFE2C-E7B5-45AB-834B-D91B523208A4}"
EndProject
Project("{FAE04EC0-301F-11D3-BF4B-00C04F79EFBC}") = "CompositePattern", "Structural\CompositePattern\CompositePattern.csproj", "{B6B92832-7F79-4BDD-A50D-B8173D440F6F}"
EndProject
Project("{FAE04EC0-301F-11D3-BF4B-00C04F79EFBC}") = "DecoratorPattern", "Structural\DecoratorPattern\DecoratorPattern.csproj", "{EF26B4F0-3052-438C-AA05-9ED67491B122}"
EndProject
Project("{FAE04EC0-301F-11D3-BF4B-00C04F79EFBC}") = "FacadePattern", "Structural\FacadePattern\FacadePattern.csproj", "{3923C02D-64DA-498B-87E4-A33F794D07DE}"
EndProject
Project("{FAE04EC0-301F-11D3-BF4B-00C04F79EFBC}") = "FlyweightPattern", "Structural\FlyweightPattern\FlyweightPattern.csproj", "{5BF517B4-59FA-45EC-911F-40EA59C5581D}"
EndProject
Project("{FAE04EC0-301F-11D3-BF4B-00C04F79EFBC}") = "ProxyPattern", "Structural\ProxyPattern\ProxyPattern.csproj", "{686402F0-1EBB-4856-8615-DAB55C85F4A0}"
EndProject
Project("{FAE04EC0-301F-11D3-BF4B-00C04F79EFBC}") = "ChainOfResponsibilityPattern", "Behavioral\ChainOfResponsibilityPattern\ChainOfResponsibilityPattern.csproj", "{A4E1026B-18FF-4739-9719-DB9D90CD2314}"
EndProject
Project("{FAE04EC0-301F-11D3-BF4B-00C04F79EFBC}") = "CommandPattern", "Behavioral\CommandPattern\CommandPattern.csproj", "{8557D1D3-74B7-4D9C-A6B8-95DC6CED6196}"
EndProject
Project("{FAE04EC0-301F-11D3-BF4B-00C04F79EFBC}") = "IteratorPattern", "Behavioral\IteratorPattern\IteratorPattern.csproj", "{18083543-4162-48E0-9CD5-8A9AA7FD5016}"
EndProject
Project("{FAE04EC0-301F-11D3-BF4B-00C04F79EFBC}") = "MediatorPattern", "Behavioral\MediatorPattern\MediatorPattern.csproj", "{CFE03A75-FB39-4F21-9D28-C1F24736EADE}"
EndProject
Project("{FAE04EC0-301F-11D3-BF4B-00C04F79EFBC}") = "MementoPattern", "Behavioral\MementoPattern\MementoPattern.csproj", "{64CE1993-5150-468A-B1B1-EA7EA1A6D60C}"
EndProject
Project("{FAE04EC0-301F-11D3-BF4B-00C04F79EFBC}") = "ObserverPattern", "Behavioral\ObserverPattern\ObserverPattern.csproj", "{9C890764-CE71-4D4D-A470-81351F9B9018}"
EndProject
Project("{FAE04EC0-301F-11D3-BF4B-00C04F79EFBC}") = "VisitorPattern", "Behavioral\VisitorPattern\VisitorPattern.csproj", "{96036D5B-B7F3-43E6-ADA8-41D43275708C}"
EndProject
Project("{FAE04EC0-301F-11D3-BF4B-00C04F79EFBC}") = "StrategyPattern", "Behavioral\StrategyPattern\StrategyPattern.csproj", "{5D43399A-2B18-46A3-9053-9AF4C228DD31}"
EndProject
Project("{FAE04EC0-301F-11D3-BF4B-00C04F79EFBC}") = "StatePattern", "Behavioral\StatePattern\StatePattern.csproj", "{79DD122B-81DB-40C1-990E-914489D82730}"
EndProject
Project("{FAE04EC0-301F-11D3-BF4B-00C04F79EFBC}") = "TemplateMethodPattern", "Behavioral\TemplateMethodPattern\TemplateMethodPattern.csproj", "{8DBFD61E-E866-4309-B94F-E2EACB9D5737}"
EndProject
Project("{FAE04EC0-301F-11D3-BF4B-00C04F79EFBC}") = "SimpleFactoryPattern", "Creational\SimpleFactoryPattern\SimpleFactoryPattern.csproj", "{A21AC9C2-57A3-419B-BB03-E35B17C75B01}"
EndProject
Global
	GlobalSection(SolutionConfigurationPlatforms) = preSolution
		Debug|Any CPU = Debug|Any CPU
		Release|Any CPU = Release|Any CPU
	EndGlobalSection
	GlobalSection(ProjectConfigurationPlatforms) = postSolution
		{6D989CDD-045E-4B8C-827A-DD7172DD8B2A}.Debug|Any CPU.ActiveCfg = Debug|Any CPU
		{6D989CDD-045E-4B8C-827A-DD7172DD8B2A}.Debug|Any CPU.Build.0 = Debug|Any CPU
		{6D989CDD-045E-4B8C-827A-DD7172DD8B2A}.Release|Any CPU.ActiveCfg = Release|Any CPU
		{6D989CDD-045E-4B8C-827A-DD7172DD8B2A}.Release|Any CPU.Build.0 = Release|Any CPU
		{8850988E-9F4B-4056-B97B-0A3E35DAF658}.Debug|Any CPU.ActiveCfg = Debug|Any CPU
		{8850988E-9F4B-4056-B97B-0A3E35DAF658}.Debug|Any CPU.Build.0 = Debug|Any CPU
		{8850988E-9F4B-4056-B97B-0A3E35DAF658}.Release|Any CPU.ActiveCfg = Release|Any CPU
		{8850988E-9F4B-4056-B97B-0A3E35DAF658}.Release|Any CPU.Build.0 = Release|Any CPU
		{5359FB92-3182-4FF2-852B-FAA198D93911}.Debug|Any CPU.ActiveCfg = Debug|Any CPU
		{5359FB92-3182-4FF2-852B-FAA198D93911}.Debug|Any CPU.Build.0 = Debug|Any CPU
		{5359FB92-3182-4FF2-852B-FAA198D93911}.Release|Any CPU.ActiveCfg = Release|Any CPU
		{5359FB92-3182-4FF2-852B-FAA198D93911}.Release|Any CPU.Build.0 = Release|Any CPU
		{C2117BF7-E5D0-4523-B235-E1039984A559}.Debug|Any CPU.ActiveCfg = Debug|Any CPU
		{C2117BF7-E5D0-4523-B235-E1039984A559}.Debug|Any CPU.Build.0 = Debug|Any CPU
		{C2117BF7-E5D0-4523-B235-E1039984A559}.Release|Any CPU.ActiveCfg = Release|Any CPU
		{C2117BF7-E5D0-4523-B235-E1039984A559}.Release|Any CPU.Build.0 = Release|Any CPU
		{23CE508B-AF47-42CD-B5EF-00EC540E0551}.Debug|Any CPU.ActiveCfg = Debug|Any CPU
		{23CE508B-AF47-42CD-B5EF-00EC540E0551}.Debug|Any CPU.Build.0 = Debug|Any CPU
		{23CE508B-AF47-42CD-B5EF-00EC540E0551}.Release|Any CPU.ActiveCfg = Release|Any CPU
		{23CE508B-AF47-42CD-B5EF-00EC540E0551}.Release|Any CPU.Build.0 = Release|Any CPU
		{67081967-5226-440D-8331-09D7FE04B7D2}.Debug|Any CPU.ActiveCfg = Debug|Any CPU
		{67081967-5226-440D-8331-09D7FE04B7D2}.Debug|Any CPU.Build.0 = Debug|Any CPU
		{67081967-5226-440D-8331-09D7FE04B7D2}.Release|Any CPU.ActiveCfg = Release|Any CPU
		{67081967-5226-440D-8331-09D7FE04B7D2}.Release|Any CPU.Build.0 = Release|Any CPU
		{8BFFFE2C-E7B5-45AB-834B-D91B523208A4}.Debug|Any CPU.ActiveCfg = Debug|Any CPU
		{8BFFFE2C-E7B5-45AB-834B-D91B523208A4}.Debug|Any CPU.Build.0 = Debug|Any CPU
		{8BFFFE2C-E7B5-45AB-834B-D91B523208A4}.Release|Any CPU.ActiveCfg = Release|Any CPU
		{8BFFFE2C-E7B5-45AB-834B-D91B523208A4}.Release|Any CPU.Build.0 = Release|Any CPU
		{B6B92832-7F79-4BDD-A50D-B8173D440F6F}.Debug|Any CPU.ActiveCfg = Debug|Any CPU
		{B6B92832-7F79-4BDD-A50D-B8173D440F6F}.Debug|Any CPU.Build.0 = Debug|Any CPU
		{B6B92832-7F79-4BDD-A50D-B8173D440F6F}.Release|Any CPU.ActiveCfg = Release|Any CPU
		{B6B92832-7F79-4BDD-A50D-B8173D440F6F}.Release|Any CPU.Build.0 = Release|Any CPU
		{EF26B4F0-3052-438C-AA05-9ED67491B122}.Debug|Any CPU.ActiveCfg = Debug|Any CPU
		{EF26B4F0-3052-438C-AA05-9ED67491B122}.Debug|Any CPU.Build.0 = Debug|Any CPU
		{EF26B4F0-3052-438C-AA05-9ED67491B122}.Release|Any CPU.ActiveCfg = Release|Any CPU
		{EF26B4F0-3052-438C-AA05-9ED67491B122}.Release|Any CPU.Build.0 = Release|Any CPU
		{3923C02D-64DA-498B-87E4-A33F794D07DE}.Debug|Any CPU.ActiveCfg = Debug|Any CPU
		{3923C02D-64DA-498B-87E4-A33F794D07DE}.Debug|Any CPU.Build.0 = Debug|Any CPU
		{3923C02D-64DA-498B-87E4-A33F794D07DE}.Release|Any CPU.ActiveCfg = Release|Any CPU
		{3923C02D-64DA-498B-87E4-A33F794D07DE}.Release|Any CPU.Build.0 = Release|Any CPU
		{5BF517B4-59FA-45EC-911F-40EA59C5581D}.Debug|Any CPU.ActiveCfg = Debug|Any CPU
		{5BF517B4-59FA-45EC-911F-40EA59C5581D}.Debug|Any CPU.Build.0 = Debug|Any CPU
		{5BF517B4-59FA-45EC-911F-40EA59C5581D}.Release|Any CPU.ActiveCfg = Release|Any CPU
		{5BF517B4-59FA-45EC-911F-40EA59C5581D}.Release|Any CPU.Build.0 = Release|Any CPU
		{686402F0-1EBB-4856-8615-DAB55C85F4A0}.Debug|Any CPU.ActiveCfg = Debug|Any CPU
		{686402F0-1EBB-4856-8615-DAB55C85F4A0}.Debug|Any CPU.Build.0 = Debug|Any CPU
		{686402F0-1EBB-4856-8615-DAB55C85F4A0}.Release|Any CPU.ActiveCfg = Release|Any CPU
		{686402F0-1EBB-4856-8615-DAB55C85F4A0}.Release|Any CPU.Build.0 = Release|Any CPU
		{A4E1026B-18FF-4739-9719-DB9D90CD2314}.Debug|Any CPU.ActiveCfg = Debug|Any CPU
		{A4E1026B-18FF-4739-9719-DB9D90CD2314}.Debug|Any CPU.Build.0 = Debug|Any CPU
		{A4E1026B-18FF-4739-9719-DB9D90CD2314}.Release|Any CPU.ActiveCfg = Release|Any CPU
		{A4E1026B-18FF-4739-9719-DB9D90CD2314}.Release|Any CPU.Build.0 = Release|Any CPU
		{8557D1D3-74B7-4D9C-A6B8-95DC6CED6196}.Debug|Any CPU.ActiveCfg = Debug|Any CPU
		{8557D1D3-74B7-4D9C-A6B8-95DC6CED6196}.Debug|Any CPU.Build.0 = Debug|Any CPU
		{8557D1D3-74B7-4D9C-A6B8-95DC6CED6196}.Release|Any CPU.ActiveCfg = Release|Any CPU
		{8557D1D3-74B7-4D9C-A6B8-95DC6CED6196}.Release|Any CPU.Build.0 = Release|Any CPU
		{18083543-4162-48E0-9CD5-8A9AA7FD5016}.Debug|Any CPU.ActiveCfg = Debug|Any CPU
		{18083543-4162-48E0-9CD5-8A9AA7FD5016}.Debug|Any CPU.Build.0 = Debug|Any CPU
		{18083543-4162-48E0-9CD5-8A9AA7FD5016}.Release|Any CPU.ActiveCfg = Release|Any CPU
		{18083543-4162-48E0-9CD5-8A9AA7FD5016}.Release|Any CPU.Build.0 = Release|Any CPU
		{CFE03A75-FB39-4F21-9D28-C1F24736EADE}.Debug|Any CPU.ActiveCfg = Debug|Any CPU
		{CFE03A75-FB39-4F21-9D28-C1F24736EADE}.Debug|Any CPU.Build.0 = Debug|Any CPU
		{CFE03A75-FB39-4F21-9D28-C1F24736EADE}.Release|Any CPU.ActiveCfg = Release|Any CPU
		{CFE03A75-FB39-4F21-9D28-C1F24736EADE}.Release|Any CPU.Build.0 = Release|Any CPU
		{64CE1993-5150-468A-B1B1-EA7EA1A6D60C}.Debug|Any CPU.ActiveCfg = Debug|Any CPU
		{64CE1993-5150-468A-B1B1-EA7EA1A6D60C}.Debug|Any CPU.Build.0 = Debug|Any CPU
		{64CE1993-5150-468A-B1B1-EA7EA1A6D60C}.Release|Any CPU.ActiveCfg = Release|Any CPU
		{64CE1993-5150-468A-B1B1-EA7EA1A6D60C}.Release|Any CPU.Build.0 = Release|Any CPU
		{9C890764-CE71-4D4D-A470-81351F9B9018}.Debug|Any CPU.ActiveCfg = Debug|Any CPU
		{9C890764-CE71-4D4D-A470-81351F9B9018}.Debug|Any CPU.Build.0 = Debug|Any CPU
		{9C890764-CE71-4D4D-A470-81351F9B9018}.Release|Any CPU.ActiveCfg = Release|Any CPU
		{9C890764-CE71-4D4D-A470-81351F9B9018}.Release|Any CPU.Build.0 = Release|Any CPU
		{96036D5B-B7F3-43E6-ADA8-41D43275708C}.Debug|Any CPU.ActiveCfg = Debug|Any CPU
		{96036D5B-B7F3-43E6-ADA8-41D43275708C}.Debug|Any CPU.Build.0 = Debug|Any CPU
		{96036D5B-B7F3-43E6-ADA8-41D43275708C}.Release|Any CPU.ActiveCfg = Release|Any CPU
		{96036D5B-B7F3-43E6-ADA8-41D43275708C}.Release|Any CPU.Build.0 = Release|Any CPU
		{5D43399A-2B18-46A3-9053-9AF4C228DD31}.Debug|Any CPU.ActiveCfg = Debug|Any CPU
		{5D43399A-2B18-46A3-9053-9AF4C228DD31}.Debug|Any CPU.Build.0 = Debug|Any CPU
		{5D43399A-2B18-46A3-9053-9AF4C228DD31}.Release|Any CPU.ActiveCfg = Release|Any CPU
		{5D43399A-2B18-46A3-9053-9AF4C228DD31}.Release|Any CPU.Build.0 = Release|Any CPU
		{79DD122B-81DB-40C1-990E-914489D82730}.Debug|Any CPU.ActiveCfg = Debug|Any CPU
		{79DD122B-81DB-40C1-990E-914489D82730}.Debug|Any CPU.Build.0 = Debug|Any CPU
		{79DD122B-81DB-40C1-990E-914489D82730}.Release|Any CPU.ActiveCfg = Release|Any CPU
		{79DD122B-81DB-40C1-990E-914489D82730}.Release|Any CPU.Build.0 = Release|Any CPU
		{8DBFD61E-E866-4309-B94F-E2EACB9D5737}.Debug|Any CPU.ActiveCfg = Debug|Any CPU
		{8DBFD61E-E866-4309-B94F-E2EACB9D5737}.Debug|Any CPU.Build.0 = Debug|Any CPU
		{8DBFD61E-E866-4309-B94F-E2EACB9D5737}.Release|Any CPU.ActiveCfg = Release|Any CPU
		{8DBFD61E-E866-4309-B94F-E2EACB9D5737}.Release|Any CPU.Build.0 = Release|Any CPU
		{A21AC9C2-57A3-419B-BB03-E35B17C75B01}.Debug|Any CPU.ActiveCfg = Debug|Any CPU
		{A21AC9C2-57A3-419B-BB03-E35B17C75B01}.Debug|Any CPU.Build.0 = Debug|Any CPU
		{A21AC9C2-57A3-419B-BB03-E35B17C75B01}.Release|Any CPU.ActiveCfg = Release|Any CPU
		{A21AC9C2-57A3-419B-BB03-E35B17C75B01}.Release|Any CPU.Build.0 = Release|Any CPU
	EndGlobalSection
	GlobalSection(SolutionProperties) = preSolution
		HideSolutionNode = FALSE
	EndGlobalSection
	GlobalSection(NestedProjects) = preSolution
		{6D989CDD-045E-4B8C-827A-DD7172DD8B2A} = {96180560-48C7-44E2-B94A-9E7FE5C98FBA}
		{8850988E-9F4B-4056-B97B-0A3E35DAF658} = {96180560-48C7-44E2-B94A-9E7FE5C98FBA}
		{5359FB92-3182-4FF2-852B-FAA198D93911} = {96180560-48C7-44E2-B94A-9E7FE5C98FBA}
		{C2117BF7-E5D0-4523-B235-E1039984A559} = {96180560-48C7-44E2-B94A-9E7FE5C98FBA}
		{23CE508B-AF47-42CD-B5EF-00EC540E0551} = {96180560-48C7-44E2-B94A-9E7FE5C98FBA}
		{67081967-5226-440D-8331-09D7FE04B7D2} = {64F6FB70-51A3-41DB-8906-5B9CFD7692C2}
		{8BFFFE2C-E7B5-45AB-834B-D91B523208A4} = {64F6FB70-51A3-41DB-8906-5B9CFD7692C2}
		{B6B92832-7F79-4BDD-A50D-B8173D440F6F} = {64F6FB70-51A3-41DB-8906-5B9CFD7692C2}
		{EF26B4F0-3052-438C-AA05-9ED67491B122} = {64F6FB70-51A3-41DB-8906-5B9CFD7692C2}
		{3923C02D-64DA-498B-87E4-A33F794D07DE} = {64F6FB70-51A3-41DB-8906-5B9CFD7692C2}
		{5BF517B4-59FA-45EC-911F-40EA59C5581D} = {64F6FB70-51A3-41DB-8906-5B9CFD7692C2}
		{686402F0-1EBB-4856-8615-DAB55C85F4A0} = {64F6FB70-51A3-41DB-8906-5B9CFD7692C2}
		{A4E1026B-18FF-4739-9719-DB9D90CD2314} = {2AD40F99-9E79-4F51-9256-72D10CE0790A}
		{8557D1D3-74B7-4D9C-A6B8-95DC6CED6196} = {2AD40F99-9E79-4F51-9256-72D10CE0790A}
		{18083543-4162-48E0-9CD5-8A9AA7FD5016} = {2AD40F99-9E79-4F51-9256-72D10CE0790A}
		{CFE03A75-FB39-4F21-9D28-C1F24736EADE} = {2AD40F99-9E79-4F51-9256-72D10CE0790A}
		{64CE1993-5150-468A-B1B1-EA7EA1A6D60C} = {2AD40F99-9E79-4F51-9256-72D10CE0790A}
		{9C890764-CE71-4D4D-A470-81351F9B9018} = {2AD40F99-9E79-4F51-9256-72D10CE0790A}
		{96036D5B-B7F3-43E6-ADA8-41D43275708C} = {2AD40F99-9E79-4F51-9256-72D10CE0790A}
		{5D43399A-2B18-46A3-9053-9AF4C228DD31} = {2AD40F99-9E79-4F51-9256-72D10CE0790A}
		{79DD122B-81DB-40C1-990E-914489D82730} = {2AD40F99-9E79-4F51-9256-72D10CE0790A}
		{8DBFD61E-E866-4309-B94F-E2EACB9D5737} = {2AD40F99-9E79-4F51-9256-72D10CE0790A}
		{A21AC9C2-57A3-419B-BB03-E35B17C75B01} = {96180560-48C7-44E2-B94A-9E7FE5C98FBA}
	EndGlobalSection
	GlobalSection(ExtensibilityGlobals) = postSolution
		SolutionGuid = {8BDBB51E-31EB-4966-8ADB-6750B8C2F33C}
	EndGlobalSection
EndGlobal
